
Microsoft Visual Studio Solution File, Format Version 12.00
# Visual Studio Version 16
VisualStudioVersion = 16.0.29806.167
MinimumVisualStudioVersion = 10.0.40219.1
Project("{FAE04EC0-301F-11D3-BF4B-00C04F79EFBC}") = "rapport_pf", "rapport_pf\rapport_pf.csproj", "{31819255-E0B4-4D60-AEFE-34A20ED6223F}"
EndProject
Global
	GlobalSection(SolutionConfigurationPlatforms) = preSolution
		Debug|Any CPU = Debug|Any CPU
		Release|Any CPU = Release|Any CPU
	EndGlobalSection
	GlobalSection(ProjectConfigurationPlatforms) = postSolution
		{31819255-E0B4-4D60-AEFE-34A20ED6223F}.Debug|Any CPU.ActiveCfg = Debug|Any CPU
		{31819255-E0B4-4D60-AEFE-34A20ED6223F}.Debug|Any CPU.Build.0 = Debug|Any CPU
		{31819255-E0B4-4D60-AEFE-34A20ED6223F}.Release|Any CPU.ActiveCfg = Release|Any CPU
		{31819255-E0B4-4D60-AEFE-34A20ED6223F}.Release|Any CPU.Build.0 = Release|Any CPU
	EndGlobalSection
	GlobalSection(SolutionProperties) = preSolution
		HideSolutionNode = FALSE
	EndGlobalSection
	GlobalSection(ExtensibilityGlobals) = postSolution
		SolutionGuid = {9090956D-EABA-4160-918C-C4942B72EC74}
	EndGlobalSection
EndGlobal
